
Microsoft Visual Studio Solution File, Format Version 12.00
Project("{FAE04EC0-301F-11D3-BF4B-00C04F79EFBC}") = "TennisTests", "TennisTests\TennisTests.csproj", "{7A3027EF-A68E-480F-94BD-5BE397661C77}"
EndProject
Project("{FAE04EC0-301F-11D3-BF4B-00C04F79EFBC}") = "BlackBoxTests", "BlackBoxTests\BlackBoxTests.csproj", "{ABE224C4-34D8-449E-9582-0DCC0F439184}"
EndProject
Project("{FAE04EC0-301F-11D3-BF4B-00C04F79EFBC}") = "BudgetTests", "BudgetTests\BudgetTests.csproj", "{6894D937-4C17-43F4-BE2E-D70F0C3C7223}"
EndProject
Global
	GlobalSection(SolutionConfigurationPlatforms) = preSolution
		Debug|Any CPU = Debug|Any CPU
		Release|Any CPU = Release|Any CPU
	EndGlobalSection
	GlobalSection(ProjectConfigurationPlatforms) = postSolution
		{7A3027EF-A68E-480F-94BD-5BE397661C77}.Debug|Any CPU.ActiveCfg = Debug|Any CPU
		{7A3027EF-A68E-480F-94BD-5BE397661C77}.Debug|Any CPU.Build.0 = Debug|Any CPU
		{7A3027EF-A68E-480F-94BD-5BE397661C77}.Release|Any CPU.ActiveCfg = Release|Any CPU
		{7A3027EF-A68E-480F-94BD-5BE397661C77}.Release|Any CPU.Build.0 = Release|Any CPU
		{ABE224C4-34D8-449E-9582-0DCC0F439184}.Debug|Any CPU.ActiveCfg = Debug|Any CPU
		{ABE224C4-34D8-449E-9582-0DCC0F439184}.Debug|Any CPU.Build.0 = Debug|Any CPU
		{ABE224C4-34D8-449E-9582-0DCC0F439184}.Release|Any CPU.ActiveCfg = Release|Any CPU
		{ABE224C4-34D8-449E-9582-0DCC0F439184}.Release|Any CPU.Build.0 = Release|Any CPU
		{6894D937-4C17-43F4-BE2E-D70F0C3C7223}.Debug|Any CPU.ActiveCfg = Debug|Any CPU
		{6894D937-4C17-43F4-BE2E-D70F0C3C7223}.Debug|Any CPU.Build.0 = Debug|Any CPU
		{6894D937-4C17-43F4-BE2E-D70F0C3C7223}.Release|Any CPU.ActiveCfg = Release|Any CPU
		{6894D937-4C17-43F4-BE2E-D70F0C3C7223}.Release|Any CPU.Build.0 = Release|Any CPU
	EndGlobalSection
EndGlobal
